// !$*UTF8*$!
{
	archiveVersion = 1;
	classes = {
	};
	objectVersion = 55;
	objects = {

/* Begin PBXBuildFile section */
		D59345482709FBF300951741 /* AppDelegate.swift in Sources */ = {isa = PBXBuildFile; fileRef = D59345472709FBF300951741 /* AppDelegate.swift */; };
		D593454A2709FBF300951741 /* SceneDelegate.swift in Sources */ = {isa = PBXBuildFile; fileRef = D59345492709FBF300951741 /* SceneDelegate.swift */; };
		D593454C2709FBF300951741 /* ViewController.swift in Sources */ = {isa = PBXBuildFile; fileRef = D593454B2709FBF300951741 /* ViewController.swift */; };
		D593454F2709FBF300951741 /* Main.storyboard in Resources */ = {isa = PBXBuildFile; fileRef = D593454D2709FBF300951741 /* Main.storyboard */; };
		D59345512709FBF500951741 /* Assets.xcassets in Resources */ = {isa = PBXBuildFile; fileRef = D59345502709FBF500951741 /* Assets.xcassets */; };
		D59345542709FBF500951741 /* LaunchScreen.storyboard in Resources */ = {isa = PBXBuildFile; fileRef = D59345522709FBF500951741 /* LaunchScreen.storyboard */; };
		D593455D2709FC9000951741 /* PopUp.storyboard in Resources */ = {isa = PBXBuildFile; fileRef = D593455C2709FC9000951741 /* PopUp.storyboard */; };
		D59345602709FE5A00951741 /* CustomPopUpVC.swift in Sources */ = {isa = PBXBuildFile; fileRef = D593455F2709FE5A00951741 /* CustomPopUpVC.swift */; };
		D59345632709FFDA00951741 /* WebKit.framework in Frameworks */ = {isa = PBXBuildFile; fileRef = D59345622709FFDA00951741 /* WebKit.framework */; };
		D5934565270AC4D600951741 /* PopUpDelegate.swift in Sources */ = {isa = PBXBuildFile; fileRef = D5934564270AC4D600951741 /* PopUpDelegate.swift */; };
/* End PBXBuildFile section */

/* Begin PBXFileReference section */
		D59345442709FBF300951741 /* CustomPopUp-tutorial.app */ = {isa = PBXFileReference; explicitFileType = wrapper.application; includeInIndex = 0; path = "CustomPopUp-tutorial.app"; sourceTree = BUILT_PRODUCTS_DIR; };
		D59345472709FBF300951741 /* AppDelegate.swift */ = {isa = PBXFileReference; lastKnownFileType = sourcecode.swift; path = AppDelegate.swift; sourceTree = "<group>"; };
		D59345492709FBF300951741 /* SceneDelegate.swift */ = {isa = PBXFileReference; lastKnownFileType = sourcecode.swift; path = SceneDelegate.swift; sourceTree = "<group>"; };
		D593454B2709FBF300951741 /* ViewController.swift */ = {isa = PBXFileReference; lastKnownFileType = sourcecode.swift; path = ViewController.swift; sourceTree = "<group>"; };
		D593454E2709FBF300951741 /* Base */ = {isa = PBXFileReference; lastKnownFileType = file.storyboard; name = Base; path = Base.lproj/Main.storyboard; sourceTree = "<group>"; };
		D59345502709FBF500951741 /* Assets.xcassets */ = {isa = PBXFileReference; lastKnownFileType = folder.assetcatalog; path = Assets.xcassets; sourceTree = "<group>"; };
		D59345532709FBF500951741 /* Base */ = {isa = PBXFileReference; lastKnownFileType = file.storyboard; name = Base; path = Base.lproj/LaunchScreen.storyboard; sourceTree = "<group>"; };
		D59345552709FBF500951741 /* Info.plist */ = {isa = PBXFileReference; lastKnownFileType = text.plist.xml; path = Info.plist; sourceTree = "<group>"; };
		D593455C2709FC9000951741 /* PopUp.storyboard */ = {isa = PBXFileReference; lastKnownFileType = file.storyboard; path = PopUp.storyboard; sourceTree = "<group>"; };
		D593455F2709FE5A00951741 /* CustomPopUpVC.swift */ = {isa = PBXFileReference; lastKnownFileType = sourcecode.swift; path = CustomPopUpVC.swift; sourceTree = "<group>"; };
		D59345622709FFDA00951741 /* WebKit.framework */ = {isa = PBXFileReference; lastKnownFileType = wrapper.framework; name = WebKit.framework; path = System/Library/Frameworks/WebKit.framework; sourceTree = SDKROOT; };
		D5934564270AC4D600951741 /* PopUpDelegate.swift */ = {isa = PBXFileReference; lastKnownFileType = sourcecode.swift; path = PopUpDelegate.swift; sourceTree = "<group>"; };
/* End PBXFileReference section */

/* Begin PBXFrameworksBuildPhase section */
		D59345412709FBF300951741 /* Frameworks */ = {
			isa = PBXFrameworksBuildPhase;
			buildActionMask = 2147483647;
			files = (
				D59345632709FFDA00951741 /* WebKit.framework in Frameworks */,
			);
			runOnlyForDeploymentPostprocessing = 0;
		};
/* End PBXFrameworksBuildPhase section */

/* Begin PBXGroup section */
		D593453B2709FBF300951741 = {
			isa = PBXGroup;
			children = (
				D59345462709FBF300951741 /* CustomPopUp-tutorial */,
				D59345452709FBF300951741 /* Products */,
				D59345612709FFDA00951741 /* Frameworks */,
			);
			sourceTree = "<group>";
		};
		D59345452709FBF300951741 /* Products */ = {
			isa = PBXGroup;
			children = (
				D59345442709FBF300951741 /* CustomPopUp-tutorial.app */,
			);
			name = Products;
			sourceTree = "<group>";
		};
		D59345462709FBF300951741 /* CustomPopUp-tutorial */ = {
			isa = PBXGroup;
			children = (
				D593455B2709FC0200951741 /* LifeCycle */,
				D593454B2709FBF300951741 /* ViewController.swift */,
				D593455F2709FE5A00951741 /* CustomPopUpVC.swift */,
				D593455E2709FC9800951741 /* Views */,
				D59345502709FBF500951741 /* Assets.xcassets */,
				D59345522709FBF500951741 /* LaunchScreen.storyboard */,
				D59345552709FBF500951741 /* Info.plist */,
				D5934564270AC4D600951741 /* PopUpDelegate.swift */,
			);
			path = "CustomPopUp-tutorial";
			sourceTree = "<group>";
		};
		D593455B2709FC0200951741 /* LifeCycle */ = {
			isa = PBXGroup;
			children = (
				D59345472709FBF300951741 /* AppDelegate.swift */,
				D59345492709FBF300951741 /* SceneDelegate.swift */,
			);
			path = LifeCycle;
			sourceTree = "<group>";
		};
		D593455E2709FC9800951741 /* Views */ = {
			isa = PBXGroup;
			children = (
				D593455C2709FC9000951741 /* PopUp.storyboard */,
				D593454D2709FBF300951741 /* Main.storyboard */,
			);
			path = Views;
			sourceTree = "<group>";
		};
		D59345612709FFDA00951741 /* Frameworks */ = {
			isa = PBXGroup;
			children = (
				D59345622709FFDA00951741 /* WebKit.framework */,
			);
			name = Frameworks;
			sourceTree = "<group>";
		};
/* End PBXGroup section */

/* Begin PBXNativeTarget section */
		D59345432709FBF300951741 /* CustomPopUp-tutorial */ = {
			isa = PBXNativeTarget;
			buildConfigurationList = D59345582709FBF500951741 /* Build configuration list for PBXNativeTarget "CustomPopUp-tutorial" */;
			buildPhases = (
				D59345402709FBF300951741 /* Sources */,
				D59345412709FBF300951741 /* Frameworks */,
				D59345422709FBF300951741 /* Resources */,
			);
			buildRules = (
			);
			dependencies = (
			);
			name = "CustomPopUp-tutorial";
			productName = "CustomPopUp-tutorial";
			productReference = D59345442709FBF300951741 /* CustomPopUp-tutorial.app */;
			productType = "com.apple.product-type.application";
		};
/* End PBXNativeTarget section */

/* Begin PBXProject section */
		D593453C2709FBF300951741 /* Project object */ = {
			isa = PBXProject;
			attributes = {
				BuildIndependentTargetsInParallel = 1;
				LastSwiftUpdateCheck = 1300;
				LastUpgradeCheck = 1300;
				TargetAttributes = {
					D59345432709FBF300951741 = {
						CreatedOnToolsVersion = 13.0;
					};
				};
			};
			buildConfigurationList = D593453F2709FBF300951741 /* Build configuration list for PBXProject "CustomPopUp-tutorial" */;
			compatibilityVersion = "Xcode 13.0";
			developmentRegion = en;
			hasScannedForEncodings = 0;
			knownRegions = (
				en,
				Base,
			);
			mainGroup = D593453B2709FBF300951741;
			productRefGroup = D59345452709FBF300951741 /* Products */;
			projectDirPath = "";
			projectRoot = "";
			targets = (
				D59345432709FBF300951741 /* CustomPopUp-tutorial */,
			);
		};
/* End PBXProject section */

/* Begin PBXResourcesBuildPhase section */
		D59345422709FBF300951741 /* Resources */ = {
			isa = PBXResourcesBuildPhase;
			buildActionMask = 2147483647;
			files = (
				D59345542709FBF500951741 /* LaunchScreen.storyboard in Resources */,
				D59345512709FBF500951741 /* Assets.xcassets in Resources */,
				D593454F2709FBF300951741 /* Main.storyboard in Resources */,
				D593455D2709FC9000951741 /* PopUp.storyboard in Resources */,
			);
			runOnlyForDeploymentPostprocessing = 0;
		};
/* End PBXResourcesBuildPhase section */

/* Begin PBXSourcesBuildPhase section */
		D59345402709FBF300951741 /* Sources */ = {
			isa = PBXSourcesBuildPhase;
			buildActionMask = 2147483647;
			files = (
				D5934565270AC4D600951741 /* PopUpDelegate.swift in Sources */,
				D593454C2709FBF300951741 /* ViewController.swift in Sources */,
				D59345482709FBF300951741 /* AppDelegate.swift in Sources */,
				D59345602709FE5A00951741 /* CustomPopUpVC.swift in Sources */,
				D593454A2709FBF300951741 /* SceneDelegate.swift in Sources */,
			);
			runOnlyForDeploymentPostprocessing = 0;
		};
/* End PBXSourcesBuildPhase section */

/* Begin PBXVariantGroup section */
		D593454D2709FBF300951741 /* Main.storyboard */ = {
			isa = PBXVariantGroup;
			children = (
				D593454E2709FBF300951741 /* Base */,
			);
			name = Main.storyboard;
			sourceTree = "<group>";
		};
		D59345522709FBF500951741 /* LaunchScreen.storyboard */ = {
			isa = PBXVariantGroup;
			children = (
				D59345532709FBF500951741 /* Base */,
			);
			name = LaunchScreen.storyboard;
			sourceTree = "<group>";
		};
/* End PBXVariantGroup section */

/* Begin XCBuildConfiguration section */
		D59345562709FBF500951741 /* Debug */ = {
			isa = XCBuildConfiguration;
			buildSettings = {
				ALWAYS_SEARCH_USER_PATHS = NO;
				CLANG_ANALYZER_NONNULL = YES;
				CLANG_ANALYZER_NUMBER_OBJECT_CONVERSION = YES_AGGRESSIVE;
				CLANG_CXX_LANGUAGE_STANDARD = "gnu++17";
				CLANG_CXX_LIBRARY = "libc++";
				CLANG_ENABLE_MODULES = YES;
				CLANG_ENABLE_OBJC_ARC = YES;
				CLANG_ENABLE_OBJC_WEAK = YES;
				CLANG_WARN_BLOCK_CAPTURE_AUTORELEASING = YES;
				CLANG_WARN_BOOL_CONVERSION = YES;
				CLANG_WARN_COMMA = YES;
				CLANG_WARN_CONSTANT_CONVERSION = YES;
				CLANG_WARN_DEPRECATED_OBJC_IMPLEMENTATIONS = YES;
				CLANG_WARN_DIRECT_OBJC_ISA_USAGE = YES_ERROR;
				CLANG_WARN_DOCUMENTATION_COMMENTS = YES;
				CLANG_WARN_EMPTY_BODY = YES;
				CLANG_WARN_ENUM_CONVERSION = YES;
				CLANG_WARN_INFINITE_RECURSION = YES;
				CLANG_WARN_INT_CONVERSION = YES;
				CLANG_WARN_NON_LITERAL_NULL_CONVERSION = YES;
				CLANG_WARN_OBJC_IMPLICIT_RETAIN_SELF = YES;
				CLANG_WARN_OBJC_LITERAL_CONVERSION = YES;
				CLANG_WARN_OBJC_ROOT_CLASS = YES_ERROR;
				CLANG_WARN_QUOTED_INCLUDE_IN_FRAMEWORK_HEADER = YES;
				CLANG_WARN_RANGE_LOOP_ANALYSIS = YES;
				CLANG_WARN_STRICT_PROTOTYPES = YES;
				CLANG_WARN_SUSPICIOUS_MOVE = YES;
				CLANG_WARN_UNGUARDED_AVAILABILITY = YES_AGGRESSIVE;
				CLANG_WARN_UNREACHABLE_CODE = YES;
				CLANG_WARN__DUPLICATE_METHOD_MATCH = YES;
				COPY_PHASE_STRIP = NO;
				DEBUG_INFORMATION_FORMAT = dwarf;
				ENABLE_STRICT_OBJC_MSGSEND = YES;
				ENABLE_TESTABILITY = YES;
				GCC_C_LANGUAGE_STANDARD = gnu11;
				GCC_DYNAMIC_NO_PIC = NO;
				GCC_NO_COMMON_BLOCKS = YES;
				GCC_OPTIMIZATION_LEVEL = 0;
				GCC_PREPROCESSOR_DEFINITIONS = (
					"DEBUG=1",
					"$(inherited)",
				);
				GCC_WARN_64_TO_32_BIT_CONVERSION = YES;
				GCC_WARN_ABOUT_RETURN_TYPE = YES_ERROR;
				GCC_WARN_UNDECLARED_SELECTOR = YES;
				GCC_WARN_UNINITIALIZED_AUTOS = YES_AGGRESSIVE;
				GCC_WARN_UNUSED_FUNCTION = YES;
				GCC_WARN_UNUSED_VARIABLE = YES;
				IPHONEOS_DEPLOYMENT_TARGET = 15.0;
				MTL_ENABLE_DEBUG_INFO = INCLUDE_SOURCE;
				MTL_FAST_MATH = YES;
				ONLY_ACTIVE_ARCH = YES;
				SDKROOT = iphoneos;
				SWIFT_ACTIVE_COMPILATION_CONDITIONS = DEBUG;
				SWIFT_OPTIMIZATION_LEVEL = "-Onone";
			};
			name = Debug;
		};
		D59345572709FBF500951741 /* Release */ = {
			isa = XCBuildConfiguration;
			buildSettings = {
				ALWAYS_SEARCH_USER_PATHS = NO;
				CLANG_ANALYZER_NONNULL = YES;
				CLANG_ANALYZER_NUMBER_OBJECT_CONVERSION = YES_AGGRESSIVE;
				CLANG_CXX_LANGUAGE_STANDARD = "gnu++17";
				CLANG_CXX_LIBRARY = "libc++";
				CLANG_ENABLE_MODULES = YES;
				CLANG_ENABLE_OBJC_ARC = YES;
				CLANG_ENABLE_OBJC_WEAK = YES;
				CLANG_WARN_BLOCK_CAPTURE_AUTORELEASING = YES;
				CLANG_WARN_BOOL_CONVERSION = YES;
				CLANG_WARN_COMMA = YES;
				CLANG_WARN_CONSTANT_CONVERSION = YES;
				CLANG_WARN_DEPRECATED_OBJC_IMPLEMENTATIONS = YES;
				CLANG_WARN_DIRECT_OBJC_ISA_USAGE = YES_ERROR;
				CLANG_WARN_DOCUMENTATION_COMMENTS = YES;
				CLANG_WARN_EMPTY_BODY = YES;
				CLANG_WARN_ENUM_CONVERSION = YES;
				CLANG_WARN_INFINITE_RECURSION = YES;
				CLANG_WARN_INT_CONVERSION = YES;
				CLANG_WARN_NON_LITERAL_NULL_CONVERSION = YES;
				CLANG_WARN_OBJC_IMPLICIT_RETAIN_SELF = YES;
				CLANG_WARN_OBJC_LITERAL_CONVERSION = YES;
				CLANG_WARN_OBJC_ROOT_CLASS = YES_ERROR;
				CLANG_WARN_QUOTED_INCLUDE_IN_FRAMEWORK_HEADER = YES;
				CLANG_WARN_RANGE_LOOP_ANALYSIS = YES;
				CLANG_WARN_STRICT_PROTOTYPES = YES;
				CLANG_WARN_SUSPICIOUS_MOVE = YES;
				CLANG_WARN_UNGUARDED_AVAILABILITY = YES_AGGRESSIVE;
				CLANG_WARN_UNREACHABLE_CODE = YES;
				CLANG_WARN__DUPLICATE_METHOD_MATCH = YES;
				COPY_PHASE_STRIP = NO;
				DEBUG_INFORMATION_FORMAT = "dwarf-with-dsym";
				ENABLE_NS_ASSERTIONS = NO;
				ENABLE_STRICT_OBJC_MSGSEND = YES;
				GCC_C_LANGUAGE_STANDARD = gnu11;
				GCC_NO_COMMON_BLOCKS = YES;
				GCC_WARN_64_TO_32_BIT_CONVERSION = YES;
				GCC_WARN_ABOUT_RETURN_TYPE = YES_ERROR;
				GCC_WARN_UNDECLARED_SELECTOR = YES;
				GCC_WARN_UNINITIALIZED_AUTOS = YES_AGGRESSIVE;
				GCC_WARN_UNUSED_FUNCTION = YES;
				GCC_WARN_UNUSED_VARIABLE = YES;
				IPHONEOS_DEPLOYMENT_TARGET = 15.0;
				MTL_ENABLE_DEBUG_INFO = NO;
				MTL_FAST_MATH = YES;
				SDKROOT = iphoneos;
				SWIFT_COMPILATION_MODE = wholemodule;
				SWIFT_OPTIMIZATION_LEVEL = "-O";
				VALIDATE_PRODUCT = YES;
			};
			name = Release;
		};
		D59345592709FBF500951741 /* Debug */ = {
			isa = XCBuildConfiguration;
			buildSettings = {
				ASSETCATALOG_COMPILER_APPICON_NAME = AppIcon;
				ASSETCATALOG_COMPILER_GLOBAL_ACCENT_COLOR_NAME = AccentColor;
				CODE_SIGN_STYLE = Automatic;
				CURRENT_PROJECT_VERSION = 1;
				DEVELOPMENT_TEAM = QHPW755BR8;
				GENERATE_INFOPLIST_FILE = YES;
				INFOPLIST_FILE = "CustomPopUp-tutorial/Info.plist";
				INFOPLIST_KEY_UIApplicationSupportsIndirectInputEvents = YES;
				INFOPLIST_KEY_UILaunchStoryboardName = LaunchScreen;
				INFOPLIST_KEY_UIMainStoryboardFile = Main;
				INFOPLIST_KEY_UISupportedInterfaceOrientations_iPad = "UIInterfaceOrientationPortrait UIInterfaceOrientationPortraitUpsideDown UIInterfaceOrientationLandscapeLeft UIInterfaceOrientationLandscapeRight";
				INFOPLIST_KEY_UISupportedInterfaceOrientations_iPhone = "UIInterfaceOrientationPortrait UIInterfaceOrientationLandscapeLeft UIInterfaceOrientationLandscapeRight";
				LD_RUNPATH_SEARCH_PATHS = (
					"$(inherited)",
					"@executable_path/Frameworks",
				);
				MARKETING_VERSION = 1.0;
				PRODUCT_BUNDLE_IDENTIFIER = "com.chuncheonian.CustomPopUp-tutorial";
				PRODUCT_NAME = "$(TARGET_NAME)";
				SWIFT_EMIT_LOC_STRINGS = YES;
				SWIFT_VERSION = 5.0;
				TARGETED_DEVICE_FAMILY = "1,2";
			};
			name = Debug;
		};
		D593455A2709FBF500951741 /* Release */ = {
			isa = XCBuildConfiguration;
			buildSettings = {
				ASSETCATALOG_COMPILER_APPICON_NAME = AppIcon;
				ASSETCATALOG_COMPILER_GLOBAL_ACCENT_COLOR_NAME = AccentColor;
				CODE_SIGN_STYLE = Automatic;
				CURRENT_PROJECT_VERSION = 1;
				DEVELOPMENT_TEAM = QHPW755BR8;
				GENERATE_INFOPLIST_FILE = YES;
				INFOPLIST_FILE = "CustomPopUp-tutorial/Info.plist";
				INFOPLIST_KEY_UIApplicationSupportsIndirectInputEvents = YES;
				INFOPLIST_KEY_UILaunchStoryboardName = LaunchScreen;
				INFOPLIST_KEY_UIMainStoryboardFile = Main;
				INFOPLIST_KEY_UISupportedInterfaceOrientations_iPad = "UIInterfaceOrientationPortrait UIInterfaceOrientationPortraitUpsideDown UIInterfaceOrientationLandscapeLeft UIInterfaceOrientationLandscapeRight";
				INFOPLIST_KEY_UISupportedInterfaceOrientations_iPhone = "UIInterfaceOrientationPortrait UIInterfaceOrientationLandscapeLeft UIInterfaceOrientationLandscapeRight";
				LD_RUNPATH_SEARCH_PATHS = (
					"$(inherited)",
					"@executable_path/Frameworks",
				);
				MARKETING_VERSION = 1.0;
				PRODUCT_BUNDLE_IDENTIFIER = "com.chuncheonian.CustomPopUp-tutorial";
				PRODUCT_NAME = "$(TARGET_NAME)";
				SWIFT_EMIT_LOC_STRINGS = YES;
				SWIFT_VERSION = 5.0;
				TARGETED_DEVICE_FAMILY = "1,2";
			};
			name = Release;
		};
/* End XCBuildConfiguration section */

/* Begin XCConfigurationList section */
		D593453F2709FBF300951741 /* Build configuration list for PBXProject "CustomPopUp-tutorial" */ = {
			isa = XCConfigurationList;
			buildConfigurations = (
				D59345562709FBF500951741 /* Debug */,
				D59345572709FBF500951741 /* Release */,
			);
			defaultConfigurationIsVisible = 0;
			defaultConfigurationName = Release;
		};
		D59345582709FBF500951741 /* Build configuration list for PBXNativeTarget "CustomPopUp-tutorial" */ = {
			isa = XCConfigurationList;
			buildConfigurations = (
				D59345592709FBF500951741 /* Debug */,
				D593455A2709FBF500951741 /* Release */,
			);
			defaultConfigurationIsVisible = 0;
			defaultConfigurationName = Release;
		};
/* End XCConfigurationList section */
	};
	rootObject = D593453C2709FBF300951741 /* Project object */;
}
