// !$*UTF8*$!
{
	archiveVersion = 1;
	classes = {
	};
	objectVersion = 50;
	objects = {

/* Begin PBXBuildFile section */
		D5B31BB626C795E300CC502D /* AppDelegate.swift in Sources */ = {isa = PBXBuildFile; fileRef = D5B31BB526C795E300CC502D /* AppDelegate.swift */; };
		D5B31BB826C795E300CC502D /* SceneDelegate.swift in Sources */ = {isa = PBXBuildFile; fileRef = D5B31BB726C795E300CC502D /* SceneDelegate.swift */; };
		D5B31BBD26C795E300CC502D /* Main.storyboard in Resources */ = {isa = PBXBuildFile; fileRef = D5B31BBB26C795E300CC502D /* Main.storyboard */; };
		D5B31BBF26C795E400CC502D /* Assets.xcassets in Resources */ = {isa = PBXBuildFile; fileRef = D5B31BBE26C795E400CC502D /* Assets.xcassets */; };
		D5B31BC226C795E400CC502D /* LaunchScreen.storyboard in Resources */ = {isa = PBXBuildFile; fileRef = D5B31BC026C795E400CC502D /* LaunchScreen.storyboard */; };
		D5F03AA526C79E2900F578F6 /* FirstViewController.swift in Sources */ = {isa = PBXBuildFile; fileRef = D5F03AA426C79E2900F578F6 /* FirstViewController.swift */; };
		D5F03AA726C79ED500F578F6 /* SecondViewController.swift in Sources */ = {isa = PBXBuildFile; fileRef = D5F03AA626C79ED500F578F6 /* SecondViewController.swift */; };
		D5F03AA926C79EE300F578F6 /* ThirdViewController.swift in Sources */ = {isa = PBXBuildFile; fileRef = D5F03AA826C79EE300F578F6 /* ThirdViewController.swift */; };
/* End PBXBuildFile section */

/* Begin PBXFileReference section */
		D5B31BB226C795E300CC502D /* TabbarEx.app */ = {isa = PBXFileReference; explicitFileType = wrapper.application; includeInIndex = 0; path = TabbarEx.app; sourceTree = BUILT_PRODUCTS_DIR; };
		D5B31BB526C795E300CC502D /* AppDelegate.swift */ = {isa = PBXFileReference; lastKnownFileType = sourcecode.swift; path = AppDelegate.swift; sourceTree = "<group>"; };
		D5B31BB726C795E300CC502D /* SceneDelegate.swift */ = {isa = PBXFileReference; lastKnownFileType = sourcecode.swift; path = SceneDelegate.swift; sourceTree = "<group>"; };
		D5B31BBC26C795E300CC502D /* Base */ = {isa = PBXFileReference; lastKnownFileType = file.storyboard; name = Base; path = Base.lproj/Main.storyboard; sourceTree = "<group>"; };
		D5B31BBE26C795E400CC502D /* Assets.xcassets */ = {isa = PBXFileReference; lastKnownFileType = folder.assetcatalog; path = Assets.xcassets; sourceTree = "<group>"; };
		D5B31BC126C795E400CC502D /* Base */ = {isa = PBXFileReference; lastKnownFileType = file.storyboard; name = Base; path = Base.lproj/LaunchScreen.storyboard; sourceTree = "<group>"; };
		D5B31BC326C795E400CC502D /* Info.plist */ = {isa = PBXFileReference; lastKnownFileType = text.plist.xml; path = Info.plist; sourceTree = "<group>"; };
		D5F03AA426C79E2900F578F6 /* FirstViewController.swift */ = {isa = PBXFileReference; lastKnownFileType = sourcecode.swift; path = FirstViewController.swift; sourceTree = "<group>"; };
		D5F03AA626C79ED500F578F6 /* SecondViewController.swift */ = {isa = PBXFileReference; lastKnownFileType = sourcecode.swift; path = SecondViewController.swift; sourceTree = "<group>"; };
		D5F03AA826C79EE300F578F6 /* ThirdViewController.swift */ = {isa = PBXFileReference; lastKnownFileType = sourcecode.swift; path = ThirdViewController.swift; sourceTree = "<group>"; };
/* End PBXFileReference section */

/* Begin PBXFrameworksBuildPhase section */
		D5B31BAF26C795E300CC502D /* Frameworks */ = {
			isa = PBXFrameworksBuildPhase;
			buildActionMask = 2147483647;
			files = (
			);
			runOnlyForDeploymentPostprocessing = 0;
		};
/* End PBXFrameworksBuildPhase section */

/* Begin PBXGroup section */
		D5B31BA926C795E300CC502D = {
			isa = PBXGroup;
			children = (
				D5B31BB426C795E300CC502D /* TabbarEx */,
				D5B31BB326C795E300CC502D /* Products */,
			);
			sourceTree = "<group>";
		};
		D5B31BB326C795E300CC502D /* Products */ = {
			isa = PBXGroup;
			children = (
				D5B31BB226C795E300CC502D /* TabbarEx.app */,
			);
			name = Products;
			sourceTree = "<group>";
		};
		D5B31BB426C795E300CC502D /* TabbarEx */ = {
			isa = PBXGroup;
			children = (
				D5B31BB526C795E300CC502D /* AppDelegate.swift */,
				D5B31BB726C795E300CC502D /* SceneDelegate.swift */,
				D5B31BBB26C795E300CC502D /* Main.storyboard */,
				D5F03AA426C79E2900F578F6 /* FirstViewController.swift */,
				D5B31BBE26C795E400CC502D /* Assets.xcassets */,
				D5B31BC026C795E400CC502D /* LaunchScreen.storyboard */,
				D5B31BC326C795E400CC502D /* Info.plist */,
				D5F03AA826C79EE300F578F6 /* ThirdViewController.swift */,
				D5F03AA626C79ED500F578F6 /* SecondViewController.swift */,
			);
			path = TabbarEx;
			sourceTree = "<group>";
		};
/* End PBXGroup section */

/* Begin PBXNativeTarget section */
		D5B31BB126C795E300CC502D /* TabbarEx */ = {
			isa = PBXNativeTarget;
			buildConfigurationList = D5B31BC626C795E400CC502D /* Build configuration list for PBXNativeTarget "TabbarEx" */;
			buildPhases = (
				D5B31BAE26C795E300CC502D /* Sources */,
				D5B31BAF26C795E300CC502D /* Frameworks */,
				D5B31BB026C795E300CC502D /* Resources */,
			);
			buildRules = (
			);
			dependencies = (
			);
			name = TabbarEx;
			productName = TabbarEx;
			productReference = D5B31BB226C795E300CC502D /* TabbarEx.app */;
			productType = "com.apple.product-type.application";
		};
/* End PBXNativeTarget section */

/* Begin PBXProject section */
		D5B31BAA26C795E300CC502D /* Project object */ = {
			isa = PBXProject;
			attributes = {
				LastSwiftUpdateCheck = 1250;
				LastUpgradeCheck = 1250;
				TargetAttributes = {
					D5B31BB126C795E300CC502D = {
						CreatedOnToolsVersion = 12.5.1;
					};
				};
			};
			buildConfigurationList = D5B31BAD26C795E300CC502D /* Build configuration list for PBXProject "TabbarEx" */;
			compatibilityVersion = "Xcode 9.3";
			developmentRegion = en;
			hasScannedForEncodings = 0;
			knownRegions = (
				en,
				Base,
			);
			mainGroup = D5B31BA926C795E300CC502D;
			productRefGroup = D5B31BB326C795E300CC502D /* Products */;
			projectDirPath = "";
			projectRoot = "";
			targets = (
				D5B31BB126C795E300CC502D /* TabbarEx */,
			);
		};
/* End PBXProject section */

/* Begin PBXResourcesBuildPhase section */
		D5B31BB026C795E300CC502D /* Resources */ = {
			isa = PBXResourcesBuildPhase;
			buildActionMask = 2147483647;
			files = (
				D5B31BC226C795E400CC502D /* LaunchScreen.storyboard in Resources */,
				D5B31BBF26C795E400CC502D /* Assets.xcassets in Resources */,
				D5B31BBD26C795E300CC502D /* Main.storyboard in Resources */,
			);
			runOnlyForDeploymentPostprocessing = 0;
		};
/* End PBXResourcesBuildPhase section */

/* Begin PBXSourcesBuildPhase section */
		D5B31BAE26C795E300CC502D /* Sources */ = {
			isa = PBXSourcesBuildPhase;
			buildActionMask = 2147483647;
			files = (
				D5F03AA726C79ED500F578F6 /* SecondViewController.swift in Sources */,
				D5F03AA526C79E2900F578F6 /* FirstViewController.swift in Sources */,
				D5F03AA926C79EE300F578F6 /* ThirdViewController.swift in Sources */,
				D5B31BB626C795E300CC502D /* AppDelegate.swift in Sources */,
				D5B31BB826C795E300CC502D /* SceneDelegate.swift in Sources */,
			);
			runOnlyForDeploymentPostprocessing = 0;
		};
/* End PBXSourcesBuildPhase section */

/* Begin PBXVariantGroup section */
		D5B31BBB26C795E300CC502D /* Main.storyboard */ = {
			isa = PBXVariantGroup;
			children = (
				D5B31BBC26C795E300CC502D /* Base */,
			);
			name = Main.storyboard;
			sourceTree = "<group>";
		};
		D5B31BC026C795E400CC502D /* LaunchScreen.storyboard */ = {
			isa = PBXVariantGroup;
			children = (
				D5B31BC126C795E400CC502D /* Base */,
			);
			name = LaunchScreen.storyboard;
			sourceTree = "<group>";
		};
/* End PBXVariantGroup section */

/* Begin XCBuildConfiguration section */
		D5B31BC426C795E400CC502D /* Debug */ = {
			isa = XCBuildConfiguration;
			buildSettings = {
				ALWAYS_SEARCH_USER_PATHS = NO;
				CLANG_ANALYZER_NONNULL = YES;
				CLANG_ANALYZER_NUMBER_OBJECT_CONVERSION = YES_AGGRESSIVE;
				CLANG_CXX_LANGUAGE_STANDARD = "gnu++14";
				CLANG_CXX_LIBRARY = "libc++";
				CLANG_ENABLE_MODULES = YES;
				CLANG_ENABLE_OBJC_ARC = YES;
				CLANG_ENABLE_OBJC_WEAK = YES;
				CLANG_WARN_BLOCK_CAPTURE_AUTORELEASING = YES;
				CLANG_WARN_BOOL_CONVERSION = YES;
				CLANG_WARN_COMMA = YES;
				CLANG_WARN_CONSTANT_CONVERSION = YES;
				CLANG_WARN_DEPRECATED_OBJC_IMPLEMENTATIONS = YES;
				CLANG_WARN_DIRECT_OBJC_ISA_USAGE = YES_ERROR;
				CLANG_WARN_DOCUMENTATION_COMMENTS = YES;
				CLANG_WARN_EMPTY_BODY = YES;
				CLANG_WARN_ENUM_CONVERSION = YES;
				CLANG_WARN_INFINITE_RECURSION = YES;
				CLANG_WARN_INT_CONVERSION = YES;
				CLANG_WARN_NON_LITERAL_NULL_CONVERSION = YES;
				CLANG_WARN_OBJC_IMPLICIT_RETAIN_SELF = YES;
				CLANG_WARN_OBJC_LITERAL_CONVERSION = YES;
				CLANG_WARN_OBJC_ROOT_CLASS = YES_ERROR;
				CLANG_WARN_QUOTED_INCLUDE_IN_FRAMEWORK_HEADER = YES;
				CLANG_WARN_RANGE_LOOP_ANALYSIS = YES;
				CLANG_WARN_STRICT_PROTOTYPES = YES;
				CLANG_WARN_SUSPICIOUS_MOVE = YES;
				CLANG_WARN_UNGUARDED_AVAILABILITY = YES_AGGRESSIVE;
				CLANG_WARN_UNREACHABLE_CODE = YES;
				CLANG_WARN__DUPLICATE_METHOD_MATCH = YES;
				COPY_PHASE_STRIP = NO;
				DEBUG_INFORMATION_FORMAT = dwarf;
				ENABLE_STRICT_OBJC_MSGSEND = YES;
				ENABLE_TESTABILITY = YES;
				GCC_C_LANGUAGE_STANDARD = gnu11;
				GCC_DYNAMIC_NO_PIC = NO;
				GCC_NO_COMMON_BLOCKS = YES;
				GCC_OPTIMIZATION_LEVEL = 0;
				GCC_PREPROCESSOR_DEFINITIONS = (
					"DEBUG=1",
					"$(inherited)",
				);
				GCC_WARN_64_TO_32_BIT_CONVERSION = YES;
				GCC_WARN_ABOUT_RETURN_TYPE = YES_ERROR;
				GCC_WARN_UNDECLARED_SELECTOR = YES;
				GCC_WARN_UNINITIALIZED_AUTOS = YES_AGGRESSIVE;
				GCC_WARN_UNUSED_FUNCTION = YES;
				GCC_WARN_UNUSED_VARIABLE = YES;
				IPHONEOS_DEPLOYMENT_TARGET = 14.5;
				MTL_ENABLE_DEBUG_INFO = INCLUDE_SOURCE;
				MTL_FAST_MATH = YES;
				ONLY_ACTIVE_ARCH = YES;
				SDKROOT = iphoneos;
				SWIFT_ACTIVE_COMPILATION_CONDITIONS = DEBUG;
				SWIFT_OPTIMIZATION_LEVEL = "-Onone";
			};
			name = Debug;
		};
		D5B31BC526C795E400CC502D /* Release */ = {
			isa = XCBuildConfiguration;
			buildSettings = {
				ALWAYS_SEARCH_USER_PATHS = NO;
				CLANG_ANALYZER_NONNULL = YES;
				CLANG_ANALYZER_NUMBER_OBJECT_CONVERSION = YES_AGGRESSIVE;
				CLANG_CXX_LANGUAGE_STANDARD = "gnu++14";
				CLANG_CXX_LIBRARY = "libc++";
				CLANG_ENABLE_MODULES = YES;
				CLANG_ENABLE_OBJC_ARC = YES;
				CLANG_ENABLE_OBJC_WEAK = YES;
				CLANG_WARN_BLOCK_CAPTURE_AUTORELEASING = YES;
				CLANG_WARN_BOOL_CONVERSION = YES;
				CLANG_WARN_COMMA = YES;
				CLANG_WARN_CONSTANT_CONVERSION = YES;
				CLANG_WARN_DEPRECATED_OBJC_IMPLEMENTATIONS = YES;
				CLANG_WARN_DIRECT_OBJC_ISA_USAGE = YES_ERROR;
				CLANG_WARN_DOCUMENTATION_COMMENTS = YES;
				CLANG_WARN_EMPTY_BODY = YES;
				CLANG_WARN_ENUM_CONVERSION = YES;
				CLANG_WARN_INFINITE_RECURSION = YES;
				CLANG_WARN_INT_CONVERSION = YES;
				CLANG_WARN_NON_LITERAL_NULL_CONVERSION = YES;
				CLANG_WARN_OBJC_IMPLICIT_RETAIN_SELF = YES;
				CLANG_WARN_OBJC_LITERAL_CONVERSION = YES;
				CLANG_WARN_OBJC_ROOT_CLASS = YES_ERROR;
				CLANG_WARN_QUOTED_INCLUDE_IN_FRAMEWORK_HEADER = YES;
				CLANG_WARN_RANGE_LOOP_ANALYSIS = YES;
				CLANG_WARN_STRICT_PROTOTYPES = YES;
				CLANG_WARN_SUSPICIOUS_MOVE = YES;
				CLANG_WARN_UNGUARDED_AVAILABILITY = YES_AGGRESSIVE;
				CLANG_WARN_UNREACHABLE_CODE = YES;
				CLANG_WARN__DUPLICATE_METHOD_MATCH = YES;
				COPY_PHASE_STRIP = NO;
				DEBUG_INFORMATION_FORMAT = "dwarf-with-dsym";
				ENABLE_NS_ASSERTIONS = NO;
				ENABLE_STRICT_OBJC_MSGSEND = YES;
				GCC_C_LANGUAGE_STANDARD = gnu11;
				GCC_NO_COMMON_BLOCKS = YES;
				GCC_WARN_64_TO_32_BIT_CONVERSION = YES;
				GCC_WARN_ABOUT_RETURN_TYPE = YES_ERROR;
				GCC_WARN_UNDECLARED_SELECTOR = YES;
				GCC_WARN_UNINITIALIZED_AUTOS = YES_AGGRESSIVE;
				GCC_WARN_UNUSED_FUNCTION = YES;
				GCC_WARN_UNUSED_VARIABLE = YES;
				IPHONEOS_DEPLOYMENT_TARGET = 14.5;
				MTL_ENABLE_DEBUG_INFO = NO;
				MTL_FAST_MATH = YES;
				SDKROOT = iphoneos;
				SWIFT_COMPILATION_MODE = wholemodule;
				SWIFT_OPTIMIZATION_LEVEL = "-O";
				VALIDATE_PRODUCT = YES;
			};
			name = Release;
		};
		D5B31BC726C795E400CC502D /* Debug */ = {
			isa = XCBuildConfiguration;
			buildSettings = {
				ASSETCATALOG_COMPILER_APPICON_NAME = AppIcon;
				ASSETCATALOG_COMPILER_GLOBAL_ACCENT_COLOR_NAME = AccentColor;
				CODE_SIGN_STYLE = Automatic;
				DEVELOPMENT_TEAM = QHPW755BR8;
				INFOPLIST_FILE = TabbarEx/Info.plist;
				LD_RUNPATH_SEARCH_PATHS = (
					"$(inherited)",
					"@executable_path/Frameworks",
				);
				PRODUCT_BUNDLE_IDENTIFIER = com.chuncheonian.TabbarEx;
				PRODUCT_NAME = "$(TARGET_NAME)";
				SWIFT_VERSION = 5.0;
				TARGETED_DEVICE_FAMILY = "1,2";
			};
			name = Debug;
		};
		D5B31BC826C795E400CC502D /* Release */ = {
			isa = XCBuildConfiguration;
			buildSettings = {
				ASSETCATALOG_COMPILER_APPICON_NAME = AppIcon;
				ASSETCATALOG_COMPILER_GLOBAL_ACCENT_COLOR_NAME = AccentColor;
				CODE_SIGN_STYLE = Automatic;
				DEVELOPMENT_TEAM = QHPW755BR8;
				INFOPLIST_FILE = TabbarEx/Info.plist;
				LD_RUNPATH_SEARCH_PATHS = (
					"$(inherited)",
					"@executable_path/Frameworks",
				);
				PRODUCT_BUNDLE_IDENTIFIER = com.chuncheonian.TabbarEx;
				PRODUCT_NAME = "$(TARGET_NAME)";
				SWIFT_VERSION = 5.0;
				TARGETED_DEVICE_FAMILY = "1,2";
			};
			name = Release;
		};
/* End XCBuildConfiguration section */

/* Begin XCConfigurationList section */
		D5B31BAD26C795E300CC502D /* Build configuration list for PBXProject "TabbarEx" */ = {
			isa = XCConfigurationList;
			buildConfigurations = (
				D5B31BC426C795E400CC502D /* Debug */,
				D5B31BC526C795E400CC502D /* Release */,
			);
			defaultConfigurationIsVisible = 0;
			defaultConfigurationName = Release;
		};
		D5B31BC626C795E400CC502D /* Build configuration list for PBXNativeTarget "TabbarEx" */ = {
			isa = XCConfigurationList;
			buildConfigurations = (
				D5B31BC726C795E400CC502D /* Debug */,
				D5B31BC826C795E400CC502D /* Release */,
			);
			defaultConfigurationIsVisible = 0;
			defaultConfigurationName = Release;
		};
/* End XCConfigurationList section */
	};
	rootObject = D5B31BAA26C795E300CC502D /* Project object */;
}
