// !$*UTF8*$!
{
	archiveVersion = 1;
	classes = {
	};
	objectVersion = 50;
	objects = {

/* Begin PBXBuildFile section */
		D529086926F36F1700D7A116 /* AlbumModel.swift in Sources */ = {isa = PBXBuildFile; fileRef = D529086826F36F1700D7A116 /* AlbumModel.swift */; };
		D58A46F526F2302400BE1131 /* AppDelegate.swift in Sources */ = {isa = PBXBuildFile; fileRef = D58A46F426F2302400BE1131 /* AppDelegate.swift */; };
		D58A46F726F2302400BE1131 /* SceneDelegate.swift in Sources */ = {isa = PBXBuildFile; fileRef = D58A46F626F2302400BE1131 /* SceneDelegate.swift */; };
		D58A46F926F2302400BE1131 /* AlbumViewController.swift in Sources */ = {isa = PBXBuildFile; fileRef = D58A46F826F2302400BE1131 /* AlbumViewController.swift */; };
		D58A46FC26F2302400BE1131 /* Main.storyboard in Resources */ = {isa = PBXBuildFile; fileRef = D58A46FA26F2302400BE1131 /* Main.storyboard */; };
		D58A46FE26F2302600BE1131 /* Assets.xcassets in Resources */ = {isa = PBXBuildFile; fileRef = D58A46FD26F2302600BE1131 /* Assets.xcassets */; };
		D58A470126F2302600BE1131 /* LaunchScreen.storyboard in Resources */ = {isa = PBXBuildFile; fileRef = D58A46FF26F2302600BE1131 /* LaunchScreen.storyboard */; };
		D58A470A26F231B400BE1131 /* AlbumCollectionViewCell.swift in Sources */ = {isa = PBXBuildFile; fileRef = D58A470826F231B400BE1131 /* AlbumCollectionViewCell.swift */; };
		D58A470B26F231B400BE1131 /* AlbumCollectionViewCell.xib in Resources */ = {isa = PBXBuildFile; fileRef = D58A470926F231B400BE1131 /* AlbumCollectionViewCell.xib */; };
		D597979326F45812008039A3 /* PictureListViewController.swift in Sources */ = {isa = PBXBuildFile; fileRef = D597979226F45812008039A3 /* PictureListViewController.swift */; };
		D597979526F46BD7008039A3 /* PictureListCollectionViewCell.swift in Sources */ = {isa = PBXBuildFile; fileRef = D597979426F46BD7008039A3 /* PictureListCollectionViewCell.swift */; };
		D597979826F47CE1008039A3 /* PictureViewController.swift in Sources */ = {isa = PBXBuildFile; fileRef = D597979726F47CE1008039A3 /* PictureViewController.swift */; };
/* End PBXBuildFile section */

/* Begin PBXFileReference section */
		D529086826F36F1700D7A116 /* AlbumModel.swift */ = {isa = PBXFileReference; lastKnownFileType = sourcecode.swift; path = AlbumModel.swift; sourceTree = "<group>"; };
		D58A46F126F2302400BE1131 /* MyAlbum.app */ = {isa = PBXFileReference; explicitFileType = wrapper.application; includeInIndex = 0; path = MyAlbum.app; sourceTree = BUILT_PRODUCTS_DIR; };
		D58A46F426F2302400BE1131 /* AppDelegate.swift */ = {isa = PBXFileReference; lastKnownFileType = sourcecode.swift; path = AppDelegate.swift; sourceTree = "<group>"; };
		D58A46F626F2302400BE1131 /* SceneDelegate.swift */ = {isa = PBXFileReference; lastKnownFileType = sourcecode.swift; path = SceneDelegate.swift; sourceTree = "<group>"; };
		D58A46F826F2302400BE1131 /* AlbumViewController.swift */ = {isa = PBXFileReference; lastKnownFileType = sourcecode.swift; path = AlbumViewController.swift; sourceTree = "<group>"; };
		D58A46FB26F2302400BE1131 /* Base */ = {isa = PBXFileReference; lastKnownFileType = file.storyboard; name = Base; path = Base.lproj/Main.storyboard; sourceTree = "<group>"; };
		D58A46FD26F2302600BE1131 /* Assets.xcassets */ = {isa = PBXFileReference; lastKnownFileType = folder.assetcatalog; path = Assets.xcassets; sourceTree = "<group>"; };
		D58A470026F2302600BE1131 /* Base */ = {isa = PBXFileReference; lastKnownFileType = file.storyboard; name = Base; path = Base.lproj/LaunchScreen.storyboard; sourceTree = "<group>"; };
		D58A470226F2302600BE1131 /* Info.plist */ = {isa = PBXFileReference; lastKnownFileType = text.plist.xml; path = Info.plist; sourceTree = "<group>"; };
		D58A470826F231B400BE1131 /* AlbumCollectionViewCell.swift */ = {isa = PBXFileReference; lastKnownFileType = sourcecode.swift; path = AlbumCollectionViewCell.swift; sourceTree = "<group>"; };
		D58A470926F231B400BE1131 /* AlbumCollectionViewCell.xib */ = {isa = PBXFileReference; lastKnownFileType = file.xib; path = AlbumCollectionViewCell.xib; sourceTree = "<group>"; };
		D597979226F45812008039A3 /* PictureListViewController.swift */ = {isa = PBXFileReference; lastKnownFileType = sourcecode.swift; path = PictureListViewController.swift; sourceTree = "<group>"; };
		D597979426F46BD7008039A3 /* PictureListCollectionViewCell.swift */ = {isa = PBXFileReference; lastKnownFileType = sourcecode.swift; path = PictureListCollectionViewCell.swift; sourceTree = "<group>"; };
		D597979726F47CE1008039A3 /* PictureViewController.swift */ = {isa = PBXFileReference; lastKnownFileType = sourcecode.swift; path = PictureViewController.swift; sourceTree = "<group>"; };
/* End PBXFileReference section */

/* Begin PBXFrameworksBuildPhase section */
		D58A46EE26F2302400BE1131 /* Frameworks */ = {
			isa = PBXFrameworksBuildPhase;
			buildActionMask = 2147483647;
			files = (
			);
			runOnlyForDeploymentPostprocessing = 0;
		};
/* End PBXFrameworksBuildPhase section */

/* Begin PBXGroup section */
		D529086526F351DF00D7A116 /* View */ = {
			isa = PBXGroup;
			children = (
				D58A46FA26F2302400BE1131 /* Main.storyboard */,
				D58A470926F231B400BE1131 /* AlbumCollectionViewCell.xib */,
			);
			path = View;
			sourceTree = "<group>";
		};
		D529086626F351E500D7A116 /* Model */ = {
			isa = PBXGroup;
			children = (
				D529086826F36F1700D7A116 /* AlbumModel.swift */,
			);
			path = Model;
			sourceTree = "<group>";
		};
		D529086726F351EA00D7A116 /* Controller */ = {
			isa = PBXGroup;
			children = (
				D58A46F826F2302400BE1131 /* AlbumViewController.swift */,
				D597979226F45812008039A3 /* PictureListViewController.swift */,
				D597979726F47CE1008039A3 /* PictureViewController.swift */,
				D597979626F46BE0008039A3 /* Cell */,
			);
			path = Controller;
			sourceTree = "<group>";
		};
		D58A46E826F2302400BE1131 = {
			isa = PBXGroup;
			children = (
				D58A46F326F2302400BE1131 /* MyAlbum */,
				D58A46F226F2302400BE1131 /* Products */,
			);
			sourceTree = "<group>";
		};
		D58A46F226F2302400BE1131 /* Products */ = {
			isa = PBXGroup;
			children = (
				D58A46F126F2302400BE1131 /* MyAlbum.app */,
			);
			name = Products;
			sourceTree = "<group>";
		};
		D58A46F326F2302400BE1131 /* MyAlbum */ = {
			isa = PBXGroup;
			children = (
				D58A46F426F2302400BE1131 /* AppDelegate.swift */,
				D58A46F626F2302400BE1131 /* SceneDelegate.swift */,
				D529086626F351E500D7A116 /* Model */,
				D529086526F351DF00D7A116 /* View */,
				D529086726F351EA00D7A116 /* Controller */,
				D58A46FD26F2302600BE1131 /* Assets.xcassets */,
				D58A46FF26F2302600BE1131 /* LaunchScreen.storyboard */,
				D58A470226F2302600BE1131 /* Info.plist */,
			);
			path = MyAlbum;
			sourceTree = "<group>";
		};
		D597979626F46BE0008039A3 /* Cell */ = {
			isa = PBXGroup;
			children = (
				D58A470826F231B400BE1131 /* AlbumCollectionViewCell.swift */,
				D597979426F46BD7008039A3 /* PictureListCollectionViewCell.swift */,
			);
			path = Cell;
			sourceTree = "<group>";
		};
/* End PBXGroup section */

/* Begin PBXNativeTarget section */
		D58A46F026F2302400BE1131 /* MyAlbum */ = {
			isa = PBXNativeTarget;
			buildConfigurationList = D58A470526F2302600BE1131 /* Build configuration list for PBXNativeTarget "MyAlbum" */;
			buildPhases = (
				D58A46ED26F2302400BE1131 /* Sources */,
				D58A46EE26F2302400BE1131 /* Frameworks */,
				D58A46EF26F2302400BE1131 /* Resources */,
			);
			buildRules = (
			);
			dependencies = (
			);
			name = MyAlbum;
			productName = MyAlbum;
			productReference = D58A46F126F2302400BE1131 /* MyAlbum.app */;
			productType = "com.apple.product-type.application";
		};
/* End PBXNativeTarget section */

/* Begin PBXProject section */
		D58A46E926F2302400BE1131 /* Project object */ = {
			isa = PBXProject;
			attributes = {
				LastSwiftUpdateCheck = 1250;
				LastUpgradeCheck = 1250;
				TargetAttributes = {
					D58A46F026F2302400BE1131 = {
						CreatedOnToolsVersion = 12.5.1;
					};
				};
			};
			buildConfigurationList = D58A46EC26F2302400BE1131 /* Build configuration list for PBXProject "MyAlbum" */;
			compatibilityVersion = "Xcode 9.3";
			developmentRegion = en;
			hasScannedForEncodings = 0;
			knownRegions = (
				en,
				Base,
			);
			mainGroup = D58A46E826F2302400BE1131;
			productRefGroup = D58A46F226F2302400BE1131 /* Products */;
			projectDirPath = "";
			projectRoot = "";
			targets = (
				D58A46F026F2302400BE1131 /* MyAlbum */,
			);
		};
/* End PBXProject section */

/* Begin PBXResourcesBuildPhase section */
		D58A46EF26F2302400BE1131 /* Resources */ = {
			isa = PBXResourcesBuildPhase;
			buildActionMask = 2147483647;
			files = (
				D58A470B26F231B400BE1131 /* AlbumCollectionViewCell.xib in Resources */,
				D58A470126F2302600BE1131 /* LaunchScreen.storyboard in Resources */,
				D58A46FE26F2302600BE1131 /* Assets.xcassets in Resources */,
				D58A46FC26F2302400BE1131 /* Main.storyboard in Resources */,
			);
			runOnlyForDeploymentPostprocessing = 0;
		};
/* End PBXResourcesBuildPhase section */

/* Begin PBXSourcesBuildPhase section */
		D58A46ED26F2302400BE1131 /* Sources */ = {
			isa = PBXSourcesBuildPhase;
			buildActionMask = 2147483647;
			files = (
				D597979526F46BD7008039A3 /* PictureListCollectionViewCell.swift in Sources */,
				D597979826F47CE1008039A3 /* PictureViewController.swift in Sources */,
				D58A470A26F231B400BE1131 /* AlbumCollectionViewCell.swift in Sources */,
				D529086926F36F1700D7A116 /* AlbumModel.swift in Sources */,
				D58A46F926F2302400BE1131 /* AlbumViewController.swift in Sources */,
				D597979326F45812008039A3 /* PictureListViewController.swift in Sources */,
				D58A46F526F2302400BE1131 /* AppDelegate.swift in Sources */,
				D58A46F726F2302400BE1131 /* SceneDelegate.swift in Sources */,
			);
			runOnlyForDeploymentPostprocessing = 0;
		};
/* End PBXSourcesBuildPhase section */

/* Begin PBXVariantGroup section */
		D58A46FA26F2302400BE1131 /* Main.storyboard */ = {
			isa = PBXVariantGroup;
			children = (
				D58A46FB26F2302400BE1131 /* Base */,
			);
			name = Main.storyboard;
			sourceTree = "<group>";
		};
		D58A46FF26F2302600BE1131 /* LaunchScreen.storyboard */ = {
			isa = PBXVariantGroup;
			children = (
				D58A470026F2302600BE1131 /* Base */,
			);
			name = LaunchScreen.storyboard;
			sourceTree = "<group>";
		};
/* End PBXVariantGroup section */

/* Begin XCBuildConfiguration section */
		D58A470326F2302600BE1131 /* Debug */ = {
			isa = XCBuildConfiguration;
			buildSettings = {
				ALWAYS_SEARCH_USER_PATHS = NO;
				CLANG_ANALYZER_NONNULL = YES;
				CLANG_ANALYZER_NUMBER_OBJECT_CONVERSION = YES_AGGRESSIVE;
				CLANG_CXX_LANGUAGE_STANDARD = "gnu++14";
				CLANG_CXX_LIBRARY = "libc++";
				CLANG_ENABLE_MODULES = YES;
				CLANG_ENABLE_OBJC_ARC = YES;
				CLANG_ENABLE_OBJC_WEAK = YES;
				CLANG_WARN_BLOCK_CAPTURE_AUTORELEASING = YES;
				CLANG_WARN_BOOL_CONVERSION = YES;
				CLANG_WARN_COMMA = YES;
				CLANG_WARN_CONSTANT_CONVERSION = YES;
				CLANG_WARN_DEPRECATED_OBJC_IMPLEMENTATIONS = YES;
				CLANG_WARN_DIRECT_OBJC_ISA_USAGE = YES_ERROR;
				CLANG_WARN_DOCUMENTATION_COMMENTS = YES;
				CLANG_WARN_EMPTY_BODY = YES;
				CLANG_WARN_ENUM_CONVERSION = YES;
				CLANG_WARN_INFINITE_RECURSION = YES;
				CLANG_WARN_INT_CONVERSION = YES;
				CLANG_WARN_NON_LITERAL_NULL_CONVERSION = YES;
				CLANG_WARN_OBJC_IMPLICIT_RETAIN_SELF = YES;
				CLANG_WARN_OBJC_LITERAL_CONVERSION = YES;
				CLANG_WARN_OBJC_ROOT_CLASS = YES_ERROR;
				CLANG_WARN_QUOTED_INCLUDE_IN_FRAMEWORK_HEADER = YES;
				CLANG_WARN_RANGE_LOOP_ANALYSIS = YES;
				CLANG_WARN_STRICT_PROTOTYPES = YES;
				CLANG_WARN_SUSPICIOUS_MOVE = YES;
				CLANG_WARN_UNGUARDED_AVAILABILITY = YES_AGGRESSIVE;
				CLANG_WARN_UNREACHABLE_CODE = YES;
				CLANG_WARN__DUPLICATE_METHOD_MATCH = YES;
				COPY_PHASE_STRIP = NO;
				DEBUG_INFORMATION_FORMAT = dwarf;
				ENABLE_STRICT_OBJC_MSGSEND = YES;
				ENABLE_TESTABILITY = YES;
				GCC_C_LANGUAGE_STANDARD = gnu11;
				GCC_DYNAMIC_NO_PIC = NO;
				GCC_NO_COMMON_BLOCKS = YES;
				GCC_OPTIMIZATION_LEVEL = 0;
				GCC_PREPROCESSOR_DEFINITIONS = (
					"DEBUG=1",
					"$(inherited)",
				);
				GCC_WARN_64_TO_32_BIT_CONVERSION = YES;
				GCC_WARN_ABOUT_RETURN_TYPE = YES_ERROR;
				GCC_WARN_UNDECLARED_SELECTOR = YES;
				GCC_WARN_UNINITIALIZED_AUTOS = YES_AGGRESSIVE;
				GCC_WARN_UNUSED_FUNCTION = YES;
				GCC_WARN_UNUSED_VARIABLE = YES;
				IPHONEOS_DEPLOYMENT_TARGET = 14.5;
				MTL_ENABLE_DEBUG_INFO = INCLUDE_SOURCE;
				MTL_FAST_MATH = YES;
				ONLY_ACTIVE_ARCH = YES;
				SDKROOT = iphoneos;
				SWIFT_ACTIVE_COMPILATION_CONDITIONS = DEBUG;
				SWIFT_OPTIMIZATION_LEVEL = "-Onone";
			};
			name = Debug;
		};
		D58A470426F2302600BE1131 /* Release */ = {
			isa = XCBuildConfiguration;
			buildSettings = {
				ALWAYS_SEARCH_USER_PATHS = NO;
				CLANG_ANALYZER_NONNULL = YES;
				CLANG_ANALYZER_NUMBER_OBJECT_CONVERSION = YES_AGGRESSIVE;
				CLANG_CXX_LANGUAGE_STANDARD = "gnu++14";
				CLANG_CXX_LIBRARY = "libc++";
				CLANG_ENABLE_MODULES = YES;
				CLANG_ENABLE_OBJC_ARC = YES;
				CLANG_ENABLE_OBJC_WEAK = YES;
				CLANG_WARN_BLOCK_CAPTURE_AUTORELEASING = YES;
				CLANG_WARN_BOOL_CONVERSION = YES;
				CLANG_WARN_COMMA = YES;
				CLANG_WARN_CONSTANT_CONVERSION = YES;
				CLANG_WARN_DEPRECATED_OBJC_IMPLEMENTATIONS = YES;
				CLANG_WARN_DIRECT_OBJC_ISA_USAGE = YES_ERROR;
				CLANG_WARN_DOCUMENTATION_COMMENTS = YES;
				CLANG_WARN_EMPTY_BODY = YES;
				CLANG_WARN_ENUM_CONVERSION = YES;
				CLANG_WARN_INFINITE_RECURSION = YES;
				CLANG_WARN_INT_CONVERSION = YES;
				CLANG_WARN_NON_LITERAL_NULL_CONVERSION = YES;
				CLANG_WARN_OBJC_IMPLICIT_RETAIN_SELF = YES;
				CLANG_WARN_OBJC_LITERAL_CONVERSION = YES;
				CLANG_WARN_OBJC_ROOT_CLASS = YES_ERROR;
				CLANG_WARN_QUOTED_INCLUDE_IN_FRAMEWORK_HEADER = YES;
				CLANG_WARN_RANGE_LOOP_ANALYSIS = YES;
				CLANG_WARN_STRICT_PROTOTYPES = YES;
				CLANG_WARN_SUSPICIOUS_MOVE = YES;
				CLANG_WARN_UNGUARDED_AVAILABILITY = YES_AGGRESSIVE;
				CLANG_WARN_UNREACHABLE_CODE = YES;
				CLANG_WARN__DUPLICATE_METHOD_MATCH = YES;
				COPY_PHASE_STRIP = NO;
				DEBUG_INFORMATION_FORMAT = "dwarf-with-dsym";
				ENABLE_NS_ASSERTIONS = NO;
				ENABLE_STRICT_OBJC_MSGSEND = YES;
				GCC_C_LANGUAGE_STANDARD = gnu11;
				GCC_NO_COMMON_BLOCKS = YES;
				GCC_WARN_64_TO_32_BIT_CONVERSION = YES;
				GCC_WARN_ABOUT_RETURN_TYPE = YES_ERROR;
				GCC_WARN_UNDECLARED_SELECTOR = YES;
				GCC_WARN_UNINITIALIZED_AUTOS = YES_AGGRESSIVE;
				GCC_WARN_UNUSED_FUNCTION = YES;
				GCC_WARN_UNUSED_VARIABLE = YES;
				IPHONEOS_DEPLOYMENT_TARGET = 14.5;
				MTL_ENABLE_DEBUG_INFO = NO;
				MTL_FAST_MATH = YES;
				SDKROOT = iphoneos;
				SWIFT_COMPILATION_MODE = wholemodule;
				SWIFT_OPTIMIZATION_LEVEL = "-O";
				VALIDATE_PRODUCT = YES;
			};
			name = Release;
		};
		D58A470626F2302600BE1131 /* Debug */ = {
			isa = XCBuildConfiguration;
			buildSettings = {
				ASSETCATALOG_COMPILER_APPICON_NAME = AppIcon;
				ASSETCATALOG_COMPILER_GLOBAL_ACCENT_COLOR_NAME = AccentColor;
				CODE_SIGN_STYLE = Automatic;
				DEVELOPMENT_TEAM = QHPW755BR8;
				INFOPLIST_FILE = MyAlbum/Info.plist;
				LD_RUNPATH_SEARCH_PATHS = (
					"$(inherited)",
					"@executable_path/Frameworks",
				);
				PRODUCT_BUNDLE_IDENTIFIER = com.chuncheonian.MyAlbum;
				PRODUCT_NAME = "$(TARGET_NAME)";
				SWIFT_VERSION = 5.0;
				TARGETED_DEVICE_FAMILY = "1,2";
			};
			name = Debug;
		};
		D58A470726F2302600BE1131 /* Release */ = {
			isa = XCBuildConfiguration;
			buildSettings = {
				ASSETCATALOG_COMPILER_APPICON_NAME = AppIcon;
				ASSETCATALOG_COMPILER_GLOBAL_ACCENT_COLOR_NAME = AccentColor;
				CODE_SIGN_STYLE = Automatic;
				DEVELOPMENT_TEAM = QHPW755BR8;
				INFOPLIST_FILE = MyAlbum/Info.plist;
				LD_RUNPATH_SEARCH_PATHS = (
					"$(inherited)",
					"@executable_path/Frameworks",
				);
				PRODUCT_BUNDLE_IDENTIFIER = com.chuncheonian.MyAlbum;
				PRODUCT_NAME = "$(TARGET_NAME)";
				SWIFT_VERSION = 5.0;
				TARGETED_DEVICE_FAMILY = "1,2";
			};
			name = Release;
		};
/* End XCBuildConfiguration section */

/* Begin XCConfigurationList section */
		D58A46EC26F2302400BE1131 /* Build configuration list for PBXProject "MyAlbum" */ = {
			isa = XCConfigurationList;
			buildConfigurations = (
				D58A470326F2302600BE1131 /* Debug */,
				D58A470426F2302600BE1131 /* Release */,
			);
			defaultConfigurationIsVisible = 0;
			defaultConfigurationName = Release;
		};
		D58A470526F2302600BE1131 /* Build configuration list for PBXNativeTarget "MyAlbum" */ = {
			isa = XCConfigurationList;
			buildConfigurations = (
				D58A470626F2302600BE1131 /* Debug */,
				D58A470726F2302600BE1131 /* Release */,
			);
			defaultConfigurationIsVisible = 0;
			defaultConfigurationName = Release;
		};
/* End XCConfigurationList section */
	};
	rootObject = D58A46E926F2302400BE1131 /* Project object */;
}
